// !$*UTF8*$!
{
	archiveVersion = 1;
	classes = {
	};
	objectVersion = 55;
	objects = {

/* Begin PBXBuildFile section */
		04C7CE6B275BF111001734A9 /* AppDelegate.swift in Sources */ = {isa = PBXBuildFile; fileRef = 04C7CE6A275BF111001734A9 /* AppDelegate.swift */; };
		04C7CE6D275BF111001734A9 /* SceneDelegate.swift in Sources */ = {isa = PBXBuildFile; fileRef = 04C7CE6C275BF111001734A9 /* SceneDelegate.swift */; };
		04C7CE6F275BF111001734A9 /* ViewController.swift in Sources */ = {isa = PBXBuildFile; fileRef = 04C7CE6E275BF111001734A9 /* ViewController.swift */; };
		04C7CE72275BF111001734A9 /* Main.storyboard in Resources */ = {isa = PBXBuildFile; fileRef = 04C7CE70275BF111001734A9 /* Main.storyboard */; };
		04C7CE74275BF112001734A9 /* Assets.xcassets in Resources */ = {isa = PBXBuildFile; fileRef = 04C7CE73275BF112001734A9 /* Assets.xcassets */; };
		04C7CE77275BF112001734A9 /* LaunchScreen.storyboard in Resources */ = {isa = PBXBuildFile; fileRef = 04C7CE75275BF112001734A9 /* LaunchScreen.storyboard */; };
		04C7CE82275BF112001734A9 /* HTTPTests.swift in Sources */ = {isa = PBXBuildFile; fileRef = 04C7CE81275BF112001734A9 /* HTTPTests.swift */; };
		04C7CE8C275BF112001734A9 /* HTTPUITests.swift in Sources */ = {isa = PBXBuildFile; fileRef = 04C7CE8B275BF112001734A9 /* HTTPUITests.swift */; };
		04C7CE8E275BF112001734A9 /* HTTPUITestsLaunchTests.swift in Sources */ = {isa = PBXBuildFile; fileRef = 04C7CE8D275BF112001734A9 /* HTTPUITestsLaunchTests.swift */; };
/* End PBXBuildFile section */

/* Begin PBXContainerItemProxy section */
		04C7CE7E275BF112001734A9 /* PBXContainerItemProxy */ = {
			isa = PBXContainerItemProxy;
			containerPortal = 04C7CE5F275BF111001734A9 /* Project object */;
			proxyType = 1;
			remoteGlobalIDString = 04C7CE66275BF111001734A9;
			remoteInfo = HTTP;
		};
		04C7CE88275BF112001734A9 /* PBXContainerItemProxy */ = {
			isa = PBXContainerItemProxy;
			containerPortal = 04C7CE5F275BF111001734A9 /* Project object */;
			proxyType = 1;
			remoteGlobalIDString = 04C7CE66275BF111001734A9;
			remoteInfo = HTTP;
		};
/* End PBXContainerItemProxy section */

/* Begin PBXFileReference section */
		04C7CE67275BF111001734A9 /* HTTP.app */ = {isa = PBXFileReference; explicitFileType = wrapper.application; includeInIndex = 0; path = HTTP.app; sourceTree = BUILT_PRODUCTS_DIR; };
		04C7CE6A275BF111001734A9 /* AppDelegate.swift */ = {isa = PBXFileReference; lastKnownFileType = sourcecode.swift; path = AppDelegate.swift; sourceTree = "<group>"; };
		04C7CE6C275BF111001734A9 /* SceneDelegate.swift */ = {isa = PBXFileReference; lastKnownFileType = sourcecode.swift; path = SceneDelegate.swift; sourceTree = "<group>"; };
		04C7CE6E275BF111001734A9 /* ViewController.swift */ = {isa = PBXFileReference; lastKnownFileType = sourcecode.swift; path = ViewController.swift; sourceTree = "<group>"; };
		04C7CE71275BF111001734A9 /* Base */ = {isa = PBXFileReference; lastKnownFileType = file.storyboard; name = Base; path = Base.lproj/Main.storyboard; sourceTree = "<group>"; };
		04C7CE73275BF112001734A9 /* Assets.xcassets */ = {isa = PBXFileReference; lastKnownFileType = folder.assetcatalog; path = Assets.xcassets; sourceTree = "<group>"; };
		04C7CE76275BF112001734A9 /* Base */ = {isa = PBXFileReference; lastKnownFileType = file.storyboard; name = Base; path = Base.lproj/LaunchScreen.storyboard; sourceTree = "<group>"; };
		04C7CE78275BF112001734A9 /* Info.plist */ = {isa = PBXFileReference; lastKnownFileType = text.plist.xml; path = Info.plist; sourceTree = "<group>"; };
		04C7CE7D275BF112001734A9 /* HTTPTests.xctest */ = {isa = PBXFileReference; explicitFileType = wrapper.cfbundle; includeInIndex = 0; path = HTTPTests.xctest; sourceTree = BUILT_PRODUCTS_DIR; };
		04C7CE81275BF112001734A9 /* HTTPTests.swift */ = {isa = PBXFileReference; lastKnownFileType = sourcecode.swift; path = HTTPTests.swift; sourceTree = "<group>"; };
		04C7CE87275BF112001734A9 /* HTTPUITests.xctest */ = {isa = PBXFileReference; explicitFileType = wrapper.cfbundle; includeInIndex = 0; path = HTTPUITests.xctest; sourceTree = BUILT_PRODUCTS_DIR; };
		04C7CE8B275BF112001734A9 /* HTTPUITests.swift */ = {isa = PBXFileReference; lastKnownFileType = sourcecode.swift; path = HTTPUITests.swift; sourceTree = "<group>"; };
		04C7CE8D275BF112001734A9 /* HTTPUITestsLaunchTests.swift */ = {isa = PBXFileReference; lastKnownFileType = sourcecode.swift; path = HTTPUITestsLaunchTests.swift; sourceTree = "<group>"; };
/* End PBXFileReference section */

/* Begin PBXFrameworksBuildPhase section */
		04C7CE64275BF111001734A9 /* Frameworks */ = {
			isa = PBXFrameworksBuildPhase;
			buildActionMask = 2147483647;
			files = (
			);
			runOnlyForDeploymentPostprocessing = 0;
		};
		04C7CE7A275BF112001734A9 /* Frameworks */ = {
			isa = PBXFrameworksBuildPhase;
			buildActionMask = 2147483647;
			files = (
			);
			runOnlyForDeploymentPostprocessing = 0;
		};
		04C7CE84275BF112001734A9 /* Frameworks */ = {
			isa = PBXFrameworksBuildPhase;
			buildActionMask = 2147483647;
			files = (
			);
			runOnlyForDeploymentPostprocessing = 0;
		};
/* End PBXFrameworksBuildPhase section */

/* Begin PBXGroup section */
		04C7CE5E275BF111001734A9 = {
			isa = PBXGroup;
			children = (
				04C7CE69275BF111001734A9 /* HTTP */,
				04C7CE80275BF112001734A9 /* HTTPTests */,
				04C7CE8A275BF112001734A9 /* HTTPUITests */,
				04C7CE68275BF111001734A9 /* Products */,
			);
			sourceTree = "<group>";
		};
		04C7CE68275BF111001734A9 /* Products */ = {
			isa = PBXGroup;
			children = (
				04C7CE67275BF111001734A9 /* HTTP.app */,
				04C7CE7D275BF112001734A9 /* HTTPTests.xctest */,
				04C7CE87275BF112001734A9 /* HTTPUITests.xctest */,
			);
			name = Products;
			sourceTree = "<group>";
		};
		04C7CE69275BF111001734A9 /* HTTP */ = {
			isa = PBXGroup;
			children = (
				04C7CE6A275BF111001734A9 /* AppDelegate.swift */,
				04C7CE6C275BF111001734A9 /* SceneDelegate.swift */,
				04C7CE6E275BF111001734A9 /* ViewController.swift */,
				04C7CE70275BF111001734A9 /* Main.storyboard */,
				04C7CE73275BF112001734A9 /* Assets.xcassets */,
				04C7CE75275BF112001734A9 /* LaunchScreen.storyboard */,
				04C7CE78275BF112001734A9 /* Info.plist */,
			);
			path = HTTP;
			sourceTree = "<group>";
		};
		04C7CE80275BF112001734A9 /* HTTPTests */ = {
			isa = PBXGroup;
			children = (
				04C7CE81275BF112001734A9 /* HTTPTests.swift */,
			);
			path = HTTPTests;
			sourceTree = "<group>";
		};
		04C7CE8A275BF112001734A9 /* HTTPUITests */ = {
			isa = PBXGroup;
			children = (
				04C7CE8B275BF112001734A9 /* HTTPUITests.swift */,
				04C7CE8D275BF112001734A9 /* HTTPUITestsLaunchTests.swift */,
			);
			path = HTTPUITests;
			sourceTree = "<group>";
		};
/* End PBXGroup section */

/* Begin PBXNativeTarget section */
		04C7CE66275BF111001734A9 /* HTTP */ = {
			isa = PBXNativeTarget;
			buildConfigurationList = 04C7CE91275BF112001734A9 /* Build configuration list for PBXNativeTarget "HTTP" */;
			buildPhases = (
				04C7CE63275BF111001734A9 /* Sources */,
				04C7CE64275BF111001734A9 /* Frameworks */,
				04C7CE65275BF111001734A9 /* Resources */,
			);
			buildRules = (
			);
			dependencies = (
			);
			name = HTTP;
			productName = HTTP;
			productReference = 04C7CE67275BF111001734A9 /* HTTP.app */;
			productType = "com.apple.product-type.application";
		};
		04C7CE7C275BF112001734A9 /* HTTPTests */ = {
			isa = PBXNativeTarget;
			buildConfigurationList = 04C7CE94275BF112001734A9 /* Build configuration list for PBXNativeTarget "HTTPTests" */;
			buildPhases = (
				04C7CE79275BF112001734A9 /* Sources */,
				04C7CE7A275BF112001734A9 /* Frameworks */,
				04C7CE7B275BF112001734A9 /* Resources */,
			);
			buildRules = (
			);
			dependencies = (
				04C7CE7F275BF112001734A9 /* PBXTargetDependency */,
			);
			name = HTTPTests;
			productName = HTTPTests;
			productReference = 04C7CE7D275BF112001734A9 /* HTTPTests.xctest */;
			productType = "com.apple.product-type.bundle.unit-test";
		};
		04C7CE86275BF112001734A9 /* HTTPUITests */ = {
			isa = PBXNativeTarget;
			buildConfigurationList = 04C7CE97275BF112001734A9 /* Build configuration list for PBXNativeTarget "HTTPUITests" */;
			buildPhases = (
				04C7CE83275BF112001734A9 /* Sources */,
				04C7CE84275BF112001734A9 /* Frameworks */,
				04C7CE85275BF112001734A9 /* Resources */,
			);
			buildRules = (
			);
			dependencies = (
				04C7CE89275BF112001734A9 /* PBXTargetDependency */,
			);
			name = HTTPUITests;
			productName = HTTPUITests;
			productReference = 04C7CE87275BF112001734A9 /* HTTPUITests.xctest */;
			productType = "com.apple.product-type.bundle.ui-testing";
		};
/* End PBXNativeTarget section */

/* Begin PBXProject section */
		04C7CE5F275BF111001734A9 /* Project object */ = {
			isa = PBXProject;
			attributes = {
				BuildIndependentTargetsInParallel = 1;
				LastSwiftUpdateCheck = 1310;
				LastUpgradeCheck = 1310;
				TargetAttributes = {
					04C7CE66275BF111001734A9 = {
						CreatedOnToolsVersion = 13.1;
					};
					04C7CE7C275BF112001734A9 = {
						CreatedOnToolsVersion = 13.1;
						TestTargetID = 04C7CE66275BF111001734A9;
					};
					04C7CE86275BF112001734A9 = {
						CreatedOnToolsVersion = 13.1;
						TestTargetID = 04C7CE66275BF111001734A9;
					};
				};
			};
			buildConfigurationList = 04C7CE62275BF111001734A9 /* Build configuration list for PBXProject "HTTP" */;
			compatibilityVersion = "Xcode 13.0";
			developmentRegion = en;
			hasScannedForEncodings = 0;
			knownRegions = (
				en,
				Base,
			);
			mainGroup = 04C7CE5E275BF111001734A9;
			productRefGroup = 04C7CE68275BF111001734A9 /* Products */;
			projectDirPath = "";
			projectRoot = "";
			targets = (
				04C7CE66275BF111001734A9 /* HTTP */,
				04C7CE7C275BF112001734A9 /* HTTPTests */,
				04C7CE86275BF112001734A9 /* HTTPUITests */,
			);
		};
/* End PBXProject section */

/* Begin PBXResourcesBuildPhase section */
		04C7CE65275BF111001734A9 /* Resources */ = {
			isa = PBXResourcesBuildPhase;
			buildActionMask = 2147483647;
			files = (
				04C7CE77275BF112001734A9 /* LaunchScreen.storyboard in Resources */,
				04C7CE74275BF112001734A9 /* Assets.xcassets in Resources */,
				04C7CE72275BF111001734A9 /* Main.storyboard in Resources */,
			);
			runOnlyForDeploymentPostprocessing = 0;
		};
		04C7CE7B275BF112001734A9 /* Resources */ = {
			isa = PBXResourcesBuildPhase;
			buildActionMask = 2147483647;
			files = (
			);
			runOnlyForDeploymentPostprocessing = 0;
		};
		04C7CE85275BF112001734A9 /* Resources */ = {
			isa = PBXResourcesBuildPhase;
			buildActionMask = 2147483647;
			files = (
			);
			runOnlyForDeploymentPostprocessing = 0;
		};
/* End PBXResourcesBuildPhase section */

/* Begin PBXSourcesBuildPhase section */
		04C7CE63275BF111001734A9 /* Sources */ = {
			isa = PBXSourcesBuildPhase;
			buildActionMask = 2147483647;
			files = (
				04C7CE6F275BF111001734A9 /* ViewController.swift in Sources */,
				04C7CE6B275BF111001734A9 /* AppDelegate.swift in Sources */,
				04C7CE6D275BF111001734A9 /* SceneDelegate.swift in Sources */,
			);
			runOnlyForDeploymentPostprocessing = 0;
		};
		04C7CE79275BF112001734A9 /* Sources */ = {
			isa = PBXSourcesBuildPhase;
			buildActionMask = 2147483647;
			files = (
				04C7CE82275BF112001734A9 /* HTTPTests.swift in Sources */,
			);
			runOnlyForDeploymentPostprocessing = 0;
		};
		04C7CE83275BF112001734A9 /* Sources */ = {
			isa = PBXSourcesBuildPhase;
			buildActionMask = 2147483647;
			files = (
				04C7CE8E275BF112001734A9 /* HTTPUITestsLaunchTests.swift in Sources */,
				04C7CE8C275BF112001734A9 /* HTTPUITests.swift in Sources */,
			);
			runOnlyForDeploymentPostprocessing = 0;
		};
/* End PBXSourcesBuildPhase section */

/* Begin PBXTargetDependency section */
		04C7CE7F275BF112001734A9 /* PBXTargetDependency */ = {
			isa = PBXTargetDependency;
			target = 04C7CE66275BF111001734A9 /* HTTP */;
			targetProxy = 04C7CE7E275BF112001734A9 /* PBXContainerItemProxy */;
		};
		04C7CE89275BF112001734A9 /* PBXTargetDependency */ = {
			isa = PBXTargetDependency;
			target = 04C7CE66275BF111001734A9 /* HTTP */;
			targetProxy = 04C7CE88275BF112001734A9 /* PBXContainerItemProxy */;
		};
/* End PBXTargetDependency section */

/* Begin PBXVariantGroup section */
		04C7CE70275BF111001734A9 /* Main.storyboard */ = {
			isa = PBXVariantGroup;
			children = (
				04C7CE71275BF111001734A9 /* Base */,
			);
			name = Main.storyboard;
			sourceTree = "<group>";
		};
		04C7CE75275BF112001734A9 /* LaunchScreen.storyboard */ = {
			isa = PBXVariantGroup;
			children = (
				04C7CE76275BF112001734A9 /* Base */,
			);
			name = LaunchScreen.storyboard;
			sourceTree = "<group>";
		};
/* End PBXVariantGroup section */

/* Begin XCBuildConfiguration section */
		04C7CE8F275BF112001734A9 /* Debug */ = {
			isa = XCBuildConfiguration;
			buildSettings = {
				ALWAYS_SEARCH_USER_PATHS = NO;
				CLANG_ANALYZER_NONNULL = YES;
				CLANG_ANALYZER_NUMBER_OBJECT_CONVERSION = YES_AGGRESSIVE;
				CLANG_CXX_LANGUAGE_STANDARD = "gnu++17";
				CLANG_CXX_LIBRARY = "libc++";
				CLANG_ENABLE_MODULES = YES;
				CLANG_ENABLE_OBJC_ARC = YES;
				CLANG_ENABLE_OBJC_WEAK = YES;
				CLANG_WARN_BLOCK_CAPTURE_AUTORELEASING = YES;
				CLANG_WARN_BOOL_CONVERSION = YES;
				CLANG_WARN_COMMA = YES;
				CLANG_WARN_CONSTANT_CONVERSION = YES;
				CLANG_WARN_DEPRECATED_OBJC_IMPLEMENTATIONS = YES;
				CLANG_WARN_DIRECT_OBJC_ISA_USAGE = YES_ERROR;
				CLANG_WARN_DOCUMENTATION_COMMENTS = YES;
				CLANG_WARN_EMPTY_BODY = YES;
				CLANG_WARN_ENUM_CONVERSION = YES;
				CLANG_WARN_INFINITE_RECURSION = YES;
				CLANG_WARN_INT_CONVERSION = YES;
				CLANG_WARN_NON_LITERAL_NULL_CONVERSION = YES;
				CLANG_WARN_OBJC_IMPLICIT_RETAIN_SELF = YES;
				CLANG_WARN_OBJC_LITERAL_CONVERSION = YES;
				CLANG_WARN_OBJC_ROOT_CLASS = YES_ERROR;
				CLANG_WARN_QUOTED_INCLUDE_IN_FRAMEWORK_HEADER = YES;
				CLANG_WARN_RANGE_LOOP_ANALYSIS = YES;
				CLANG_WARN_STRICT_PROTOTYPES = YES;
				CLANG_WARN_SUSPICIOUS_MOVE = YES;
				CLANG_WARN_UNGUARDED_AVAILABILITY = YES_AGGRESSIVE;
				CLANG_WARN_UNREACHABLE_CODE = YES;
				CLANG_WARN__DUPLICATE_METHOD_MATCH = YES;
				COPY_PHASE_STRIP = NO;
				DEBUG_INFORMATION_FORMAT = dwarf;
				ENABLE_STRICT_OBJC_MSGSEND = YES;
				ENABLE_TESTABILITY = YES;
				GCC_C_LANGUAGE_STANDARD = gnu11;
				GCC_DYNAMIC_NO_PIC = NO;
				GCC_NO_COMMON_BLOCKS = YES;
				GCC_OPTIMIZATION_LEVEL = 0;
				GCC_PREPROCESSOR_DEFINITIONS = (
					"DEBUG=1",
					"$(inherited)",
				);
				GCC_WARN_64_TO_32_BIT_CONVERSION = YES;
				GCC_WARN_ABOUT_RETURN_TYPE = YES_ERROR;
				GCC_WARN_UNDECLARED_SELECTOR = YES;
				GCC_WARN_UNINITIALIZED_AUTOS = YES_AGGRESSIVE;
				GCC_WARN_UNUSED_FUNCTION = YES;
				GCC_WARN_UNUSED_VARIABLE = YES;
				IPHONEOS_DEPLOYMENT_TARGET = 15.0;
				MTL_ENABLE_DEBUG_INFO = INCLUDE_SOURCE;
				MTL_FAST_MATH = YES;
				ONLY_ACTIVE_ARCH = YES;
				SDKROOT = iphoneos;
				SWIFT_ACTIVE_COMPILATION_CONDITIONS = DEBUG;
				SWIFT_OPTIMIZATION_LEVEL = "-Onone";
			};
			name = Debug;
		};
		04C7CE90275BF112001734A9 /* Release */ = {
			isa = XCBuildConfiguration;
			buildSettings = {
				ALWAYS_SEARCH_USER_PATHS = NO;
				CLANG_ANALYZER_NONNULL = YES;
				CLANG_ANALYZER_NUMBER_OBJECT_CONVERSION = YES_AGGRESSIVE;
				CLANG_CXX_LANGUAGE_STANDARD = "gnu++17";
				CLANG_CXX_LIBRARY = "libc++";
				CLANG_ENABLE_MODULES = YES;
				CLANG_ENABLE_OBJC_ARC = YES;
				CLANG_ENABLE_OBJC_WEAK = YES;
				CLANG_WARN_BLOCK_CAPTURE_AUTORELEASING = YES;
				CLANG_WARN_BOOL_CONVERSION = YES;
				CLANG_WARN_COMMA = YES;
				CLANG_WARN_CONSTANT_CONVERSION = YES;
				CLANG_WARN_DEPRECATED_OBJC_IMPLEMENTATIONS = YES;
				CLANG_WARN_DIRECT_OBJC_ISA_USAGE = YES_ERROR;
				CLANG_WARN_DOCUMENTATION_COMMENTS = YES;
				CLANG_WARN_EMPTY_BODY = YES;
				CLANG_WARN_ENUM_CONVERSION = YES;
				CLANG_WARN_INFINITE_RECURSION = YES;
				CLANG_WARN_INT_CONVERSION = YES;
				CLANG_WARN_NON_LITERAL_NULL_CONVERSION = YES;
				CLANG_WARN_OBJC_IMPLICIT_RETAIN_SELF = YES;
				CLANG_WARN_OBJC_LITERAL_CONVERSION = YES;
				CLANG_WARN_OBJC_ROOT_CLASS = YES_ERROR;
				CLANG_WARN_QUOTED_INCLUDE_IN_FRAMEWORK_HEADER = YES;
				CLANG_WARN_RANGE_LOOP_ANALYSIS = YES;
				CLANG_WARN_STRICT_PROTOTYPES = YES;
				CLANG_WARN_SUSPICIOUS_MOVE = YES;
				CLANG_WARN_UNGUARDED_AVAILABILITY = YES_AGGRESSIVE;
				CLANG_WARN_UNREACHABLE_CODE = YES;
				CLANG_WARN__DUPLICATE_METHOD_MATCH = YES;
				COPY_PHASE_STRIP = NO;
				DEBUG_INFORMATION_FORMAT = "dwarf-with-dsym";
				ENABLE_NS_ASSERTIONS = NO;
				ENABLE_STRICT_OBJC_MSGSEND = YES;
				GCC_C_LANGUAGE_STANDARD = gnu11;
				GCC_NO_COMMON_BLOCKS = YES;
				GCC_WARN_64_TO_32_BIT_CONVERSION = YES;
				GCC_WARN_ABOUT_RETURN_TYPE = YES_ERROR;
				GCC_WARN_UNDECLARED_SELECTOR = YES;
				GCC_WARN_UNINITIALIZED_AUTOS = YES_AGGRESSIVE;
				GCC_WARN_UNUSED_FUNCTION = YES;
				GCC_WARN_UNUSED_VARIABLE = YES;
				IPHONEOS_DEPLOYMENT_TARGET = 15.0;
				MTL_ENABLE_DEBUG_INFO = NO;
				MTL_FAST_MATH = YES;
				SDKROOT = iphoneos;
				SWIFT_COMPILATION_MODE = wholemodule;
				SWIFT_OPTIMIZATION_LEVEL = "-O";
				VALIDATE_PRODUCT = YES;
			};
			name = Release;
		};
		04C7CE92275BF112001734A9 /* Debug */ = {
			isa = XCBuildConfiguration;
			buildSettings = {
				ASSETCATALOG_COMPILER_APPICON_NAME = AppIcon;
				ASSETCATALOG_COMPILER_GLOBAL_ACCENT_COLOR_NAME = AccentColor;
				CODE_SIGN_STYLE = Automatic;
				CURRENT_PROJECT_VERSION = 1;
				GENERATE_INFOPLIST_FILE = YES;
				INFOPLIST_FILE = HTTP/Info.plist;
				INFOPLIST_KEY_UIApplicationSupportsIndirectInputEvents = YES;
				INFOPLIST_KEY_UILaunchStoryboardName = LaunchScreen;
				INFOPLIST_KEY_UIMainStoryboardFile = Main;
				INFOPLIST_KEY_UISupportedInterfaceOrientations_iPad = "UIInterfaceOrientationPortrait UIInterfaceOrientationPortraitUpsideDown UIInterfaceOrientationLandscapeLeft UIInterfaceOrientationLandscapeRight";
				INFOPLIST_KEY_UISupportedInterfaceOrientations_iPhone = "UIInterfaceOrientationPortrait UIInterfaceOrientationLandscapeLeft UIInterfaceOrientationLandscapeRight";
				LD_RUNPATH_SEARCH_PATHS = (
					"$(inherited)",
					"@executable_path/Frameworks",
				);
				MARKETING_VERSION = 1.0;
				PRODUCT_BUNDLE_IDENTIFIER = SINGHravnish.HTTP;
				PRODUCT_NAME = "$(TARGET_NAME)";
				SWIFT_EMIT_LOC_STRINGS = YES;
				SWIFT_VERSION = 5.0;
				TARGETED_DEVICE_FAMILY = "1,2";
			};
			name = Debug;
		};
		04C7CE93275BF112001734A9 /* Release */ = {
			isa = XCBuildConfiguration;
			buildSettings = {
				ASSETCATALOG_COMPILER_APPICON_NAME = AppIcon;
				ASSETCATALOG_COMPILER_GLOBAL_ACCENT_COLOR_NAME = AccentColor;
				CODE_SIGN_STYLE = Automatic;
				CURRENT_PROJECT_VERSION = 1;
				GENERATE_INFOPLIST_FILE = YES;
				INFOPLIST_FILE = HTTP/Info.plist;
				INFOPLIST_KEY_UIApplicationSupportsIndirectInputEvents = YES;
				INFOPLIST_KEY_UILaunchStoryboardName = LaunchScreen;
				INFOPLIST_KEY_UIMainStoryboardFile = Main;
				INFOPLIST_KEY_UISupportedInterfaceOrientations_iPad = "UIInterfaceOrientationPortrait UIInterfaceOrientationPortraitUpsideDown UIInterfaceOrientationLandscapeLeft UIInterfaceOrientationLandscapeRight";
				INFOPLIST_KEY_UISupportedInterfaceOrientations_iPhone = "UIInterfaceOrientationPortrait UIInterfaceOrientationLandscapeLeft UIInterfaceOrientationLandscapeRight";
				LD_RUNPATH_SEARCH_PATHS = (
					"$(inherited)",
					"@executable_path/Frameworks",
				);
				MARKETING_VERSION = 1.0;
				PRODUCT_BUNDLE_IDENTIFIER = SINGHravnish.HTTP;
				PRODUCT_NAME = "$(TARGET_NAME)";
				SWIFT_EMIT_LOC_STRINGS = YES;
				SWIFT_VERSION = 5.0;
				TARGETED_DEVICE_FAMILY = "1,2";
			};
			name = Release;
		};
		04C7CE95275BF112001734A9 /* Debug */ = {
			isa = XCBuildConfiguration;
			buildSettings = {
				ALWAYS_EMBED_SWIFT_STANDARD_LIBRARIES = YES;
				BUNDLE_LOADER = "$(TEST_HOST)";
				CODE_SIGN_STYLE = Automatic;
				CURRENT_PROJECT_VERSION = 1;
				GENERATE_INFOPLIST_FILE = YES;
				IPHONEOS_DEPLOYMENT_TARGET = 15.0;
				LD_RUNPATH_SEARCH_PATHS = (
					"$(inherited)",
					"@executable_path/Frameworks",
					"@loader_path/Frameworks",
				);
				MARKETING_VERSION = 1.0;
				PRODUCT_BUNDLE_IDENTIFIER = SINGHravnish.HTTPTests;
				PRODUCT_NAME = "$(TARGET_NAME)";
				SWIFT_EMIT_LOC_STRINGS = NO;
				SWIFT_VERSION = 5.0;
				TARGETED_DEVICE_FAMILY = "1,2";
				TEST_HOST = "$(BUILT_PRODUCTS_DIR)/HTTP.app/HTTP";
			};
			name = Debug;
		};
		04C7CE96275BF112001734A9 /* Release */ = {
			isa = XCBuildConfiguration;
			buildSettings = {
				ALWAYS_EMBED_SWIFT_STANDARD_LIBRARIES = YES;
				BUNDLE_LOADER = "$(TEST_HOST)";
				CODE_SIGN_STYLE = Automatic;
				CURRENT_PROJECT_VERSION = 1;
				GENERATE_INFOPLIST_FILE = YES;
				IPHONEOS_DEPLOYMENT_TARGET = 15.0;
				LD_RUNPATH_SEARCH_PATHS = (
					"$(inherited)",
					"@executable_path/Frameworks",
					"@loader_path/Frameworks",
				);
				MARKETING_VERSION = 1.0;
				PRODUCT_BUNDLE_IDENTIFIER = SINGHravnish.HTTPTests;
				PRODUCT_NAME = "$(TARGET_NAME)";
				SWIFT_EMIT_LOC_STRINGS = NO;
				SWIFT_VERSION = 5.0;
				TARGETED_DEVICE_FAMILY = "1,2";
				TEST_HOST = "$(BUILT_PRODUCTS_DIR)/HTTP.app/HTTP";
			};
			name = Release;
		};
		04C7CE98275BF112001734A9 /* Debug */ = {
			isa = XCBuildConfiguration;
			buildSettings = {
				ALWAYS_EMBED_SWIFT_STANDARD_LIBRARIES = YES;
				CODE_SIGN_STYLE = Automatic;
				CURRENT_PROJECT_VERSION = 1;
				GENERATE_INFOPLIST_FILE = YES;
				LD_RUNPATH_SEARCH_PATHS = (
					"$(inherited)",
					"@executable_path/Frameworks",
					"@loader_path/Frameworks",
				);
				MARKETING_VERSION = 1.0;
				PRODUCT_BUNDLE_IDENTIFIER = SINGHravnish.HTTPUITests;
				PRODUCT_NAME = "$(TARGET_NAME)";
				SWIFT_EMIT_LOC_STRINGS = NO;
				SWIFT_VERSION = 5.0;
				TARGETED_DEVICE_FAMILY = "1,2";
				TEST_TARGET_NAME = HTTP;
			};
			name = Debug;
		};
		04C7CE99275BF112001734A9 /* Release */ = {
			isa = XCBuildConfiguration;
			buildSettings = {
				ALWAYS_EMBED_SWIFT_STANDARD_LIBRARIES = YES;
				CODE_SIGN_STYLE = Automatic;
				CURRENT_PROJECT_VERSION = 1;
				GENERATE_INFOPLIST_FILE = YES;
				LD_RUNPATH_SEARCH_PATHS = (
					"$(inherited)",
					"@executable_path/Frameworks",
					"@loader_path/Frameworks",
				);
				MARKETING_VERSION = 1.0;
				PRODUCT_BUNDLE_IDENTIFIER = SINGHravnish.HTTPUITests;
				PRODUCT_NAME = "$(TARGET_NAME)";
				SWIFT_EMIT_LOC_STRINGS = NO;
				SWIFT_VERSION = 5.0;
				TARGETED_DEVICE_FAMILY = "1,2";
				TEST_TARGET_NAME = HTTP;
			};
			name = Release;
		};
/* End XCBuildConfiguration section */

/* Begin XCConfigurationList section */
		04C7CE62275BF111001734A9 /* Build configuration list for PBXProject "HTTP" */ = {
			isa = XCConfigurationList;
			buildConfigurations = (
				04C7CE8F275BF112001734A9 /* Debug */,
				04C7CE90275BF112001734A9 /* Release */,
			);
			defaultConfigurationIsVisible = 0;
			defaultConfigurationName = Release;
		};
		04C7CE91275BF112001734A9 /* Build configuration list for PBXNativeTarget "HTTP" */ = {
			isa = XCConfigurationList;
			buildConfigurations = (
				04C7CE92275BF112001734A9 /* Debug */,
				04C7CE93275BF112001734A9 /* Release */,
			);
			defaultConfigurationIsVisible = 0;
			defaultConfigurationName = Release;
		};
		04C7CE94275BF112001734A9 /* Build configuration list for PBXNativeTarget "HTTPTests" */ = {
			isa = XCConfigurationList;
			buildConfigurations = (
				04C7CE95275BF112001734A9 /* Debug */,
				04C7CE96275BF112001734A9 /* Release */,
			);
			defaultConfigurationIsVisible = 0;
			defaultConfigurationName = Release;
		};
		04C7CE97275BF112001734A9 /* Build configuration list for PBXNativeTarget "HTTPUITests" */ = {
			isa = XCConfigurationList;
			buildConfigurations = (
				04C7CE98275BF112001734A9 /* Debug */,
				04C7CE99275BF112001734A9 /* Release */,
			);
			defaultConfigurationIsVisible = 0;
			defaultConfigurationName = Release;
		};
/* End XCConfigurationList section */
	};
	rootObject = 04C7CE5F275BF111001734A9 /* Project object */;
}
